
Microsoft Visual Studio Solution File, Format Version 12.00
# Visual Studio Version 17
VisualStudioVersion = 17.13.35931.197 d17.13
MinimumVisualStudioVersion = 10.0.40219.1
Project("{FAE04EC0-301F-11D3-BF4B-00C04F79EFBC}") = "WebApplication6", "WebApplication6\WebApplication6.csproj", "{C6C2976C-2B87-45DC-B6B2-D128CC9CFC53}"
EndProject
Global
	GlobalSection(SolutionConfigurationPlatforms) = preSolution
		Debug|Any CPU = Debug|Any CPU
		Release|Any CPU = Release|Any CPU
	EndGlobalSection
	GlobalSection(ProjectConfigurationPlatforms) = postSolution
		{C6C2976C-2B87-45DC-B6B2-D128CC9CFC53}.Debug|Any CPU.ActiveCfg = Debug|Any CPU
		{C6C2976C-2B87-45DC-B6B2-D128CC9CFC53}.Debug|Any CPU.Build.0 = Debug|Any CPU
		{C6C2976C-2B87-45DC-B6B2-D128CC9CFC53}.Release|Any CPU.ActiveCfg = Release|Any CPU
		{C6C2976C-2B87-45DC-B6B2-D128CC9CFC53}.Release|Any CPU.Build.0 = Release|Any CPU
	EndGlobalSection
	GlobalSection(SolutionProperties) = preSolution
		HideSolutionNode = FALSE
	EndGlobalSection
	GlobalSection(ExtensibilityGlobals) = postSolution
		SolutionGuid = {9BA68DB6-67C4-464E-A6DA-51C01B559719}
	EndGlobalSection
EndGlobal
